// !$*UTF8*$!
{
	archiveVersion = 1;
	classes = {
	};
	objectVersion = 46;
	objects = {

/* Begin PBXBuildFile section */
		655DB7F219116F740038496E /* Foundation.framework in Frameworks */ = {isa = PBXBuildFile; fileRef = 655DB7F119116F740038496E /* Foundation.framework */; };
		655DB7F419116F740038496E /* CoreGraphics.framework in Frameworks */ = {isa = PBXBuildFile; fileRef = 655DB7F319116F740038496E /* CoreGraphics.framework */; };
		655DB7F619116F740038496E /* UIKit.framework in Frameworks */ = {isa = PBXBuildFile; fileRef = 655DB7F519116F740038496E /* UIKit.framework */; };
		655DB7FC19116F740038496E /* InfoPlist.strings in Resources */ = {isa = PBXBuildFile; fileRef = 655DB7FA19116F740038496E /* InfoPlist.strings */; };
		655DB7FE19116F740038496E /* main.m in Sources */ = {isa = PBXBuildFile; fileRef = 655DB7FD19116F740038496E /* main.m */; };
		655DB80219116F740038496E /* LRSAppDelegate.m in Sources */ = {isa = PBXBuildFile; fileRef = 655DB80119116F740038496E /* LRSAppDelegate.m */; };
		655DB80519116F740038496E /* Main.storyboard in Resources */ = {isa = PBXBuildFile; fileRef = 655DB80319116F740038496E /* Main.storyboard */; };
		655DB80819116F740038496E /* LRSViewController.m in Sources */ = {isa = PBXBuildFile; fileRef = 655DB80719116F740038496E /* LRSViewController.m */; };
		655DB80A19116F740038496E /* Images.xcassets in Resources */ = {isa = PBXBuildFile; fileRef = 655DB80919116F740038496E /* Images.xcassets */; };
		655DB81119116F740038496E /* XCTest.framework in Frameworks */ = {isa = PBXBuildFile; fileRef = 655DB81019116F740038496E /* XCTest.framework */; };
		655DB81219116F740038496E /* Foundation.framework in Frameworks */ = {isa = PBXBuildFile; fileRef = 655DB7F119116F740038496E /* Foundation.framework */; };
		655DB81319116F740038496E /* UIKit.framework in Frameworks */ = {isa = PBXBuildFile; fileRef = 655DB7F519116F740038496E /* UIKit.framework */; };
		655DB81B19116F740038496E /* InfoPlist.strings in Resources */ = {isa = PBXBuildFile; fileRef = 655DB81919116F740038496E /* InfoPlist.strings */; };
		655DB81D19116F740038496E /* PomPomTests.m in Sources */ = {isa = PBXBuildFile; fileRef = 655DB81C19116F740038496E /* PomPomTests.m */; };
/* End PBXBuildFile section */

/* Begin PBXContainerItemProxy section */
		655DB81419116F740038496E /* PBXContainerItemProxy */ = {
			isa = PBXContainerItemProxy;
			containerPortal = 655DB7E619116F740038496E /* Project object */;
			proxyType = 1;
			remoteGlobalIDString = 655DB7ED19116F740038496E;
			remoteInfo = PomPom;
		};
/* End PBXContainerItemProxy section */

/* Begin PBXFileReference section */
		655DB7EE19116F740038496E /* PomPom.app */ = {isa = PBXFileReference; explicitFileType = wrapper.application; includeInIndex = 0; path = PomPom.app; sourceTree = BUILT_PRODUCTS_DIR; };
		655DB7F119116F740038496E /* Foundation.framework */ = {isa = PBXFileReference; lastKnownFileType = wrapper.framework; name = Foundation.framework; path = System/Library/Frameworks/Foundation.framework; sourceTree = SDKROOT; };
		655DB7F319116F740038496E /* CoreGraphics.framework */ = {isa = PBXFileReference; lastKnownFileType = wrapper.framework; name = CoreGraphics.framework; path = System/Library/Frameworks/CoreGraphics.framework; sourceTree = SDKROOT; };
		655DB7F519116F740038496E /* UIKit.framework */ = {isa = PBXFileReference; lastKnownFileType = wrapper.framework; name = UIKit.framework; path = System/Library/Frameworks/UIKit.framework; sourceTree = SDKROOT; };
		655DB7F919116F740038496E /* PomPom-Info.plist */ = {isa = PBXFileReference; lastKnownFileType = text.plist.xml; path = "PomPom-Info.plist"; sourceTree = "<group>"; };
		655DB7FB19116F740038496E /* en */ = {isa = PBXFileReference; lastKnownFileType = text.plist.strings; name = en; path = en.lproj/InfoPlist.strings; sourceTree = "<group>"; };
		655DB7FD19116F740038496E /* main.m */ = {isa = PBXFileReference; lastKnownFileType = sourcecode.c.objc; path = main.m; sourceTree = "<group>"; };
		655DB7FF19116F740038496E /* PomPom-Prefix.pch */ = {isa = PBXFileReference; lastKnownFileType = sourcecode.c.h; path = "PomPom-Prefix.pch"; sourceTree = "<group>"; };
		655DB80019116F740038496E /* LRSAppDelegate.h */ = {isa = PBXFileReference; lastKnownFileType = sourcecode.c.h; path = LRSAppDelegate.h; sourceTree = "<group>"; };
		655DB80119116F740038496E /* LRSAppDelegate.m */ = {isa = PBXFileReference; lastKnownFileType = sourcecode.c.objc; path = LRSAppDelegate.m; sourceTree = "<group>"; };
		655DB80419116F740038496E /* Base */ = {isa = PBXFileReference; lastKnownFileType = file.storyboard; name = Base; path = Base.lproj/Main.storyboard; sourceTree = "<group>"; };
		655DB80619116F740038496E /* LRSViewController.h */ = {isa = PBXFileReference; lastKnownFileType = sourcecode.c.h; path = LRSViewController.h; sourceTree = "<group>"; };
		655DB80719116F740038496E /* LRSViewController.m */ = {isa = PBXFileReference; lastKnownFileType = sourcecode.c.objc; path = LRSViewController.m; sourceTree = "<group>"; };
		655DB80919116F740038496E /* Images.xcassets */ = {isa = PBXFileReference; lastKnownFileType = folder.assetcatalog; path = Images.xcassets; sourceTree = "<group>"; };
		655DB80F19116F740038496E /* PomPomTests.xctest */ = {isa = PBXFileReference; explicitFileType = wrapper.cfbundle; includeInIndex = 0; path = PomPomTests.xctest; sourceTree = BUILT_PRODUCTS_DIR; };
		655DB81019116F740038496E /* XCTest.framework */ = {isa = PBXFileReference; lastKnownFileType = wrapper.framework; name = XCTest.framework; path = Library/Frameworks/XCTest.framework; sourceTree = DEVELOPER_DIR; };
		655DB81819116F740038496E /* PomPomTests-Info.plist */ = {isa = PBXFileReference; lastKnownFileType = text.plist.xml; path = "PomPomTests-Info.plist"; sourceTree = "<group>"; };
		655DB81A19116F740038496E /* en */ = {isa = PBXFileReference; lastKnownFileType = text.plist.strings; name = en; path = en.lproj/InfoPlist.strings; sourceTree = "<group>"; };
		655DB81C19116F740038496E /* PomPomTests.m */ = {isa = PBXFileReference; lastKnownFileType = sourcecode.c.objc; path = PomPomTests.m; sourceTree = "<group>"; };
/* End PBXFileReference section */

/* Begin PBXFrameworksBuildPhase section */
		655DB7EB19116F740038496E /* Frameworks */ = {
			isa = PBXFrameworksBuildPhase;
			buildActionMask = 2147483647;
			files = (
				655DB7F419116F740038496E /* CoreGraphics.framework in Frameworks */,
				655DB7F619116F740038496E /* UIKit.framework in Frameworks */,
				655DB7F219116F740038496E /* Foundation.framework in Frameworks */,
			);
			runOnlyForDeploymentPostprocessing = 0;
		};
		655DB80C19116F740038496E /* Frameworks */ = {
			isa = PBXFrameworksBuildPhase;
			buildActionMask = 2147483647;
			files = (
				655DB81119116F740038496E /* XCTest.framework in Frameworks */,
				655DB81319116F740038496E /* UIKit.framework in Frameworks */,
				655DB81219116F740038496E /* Foundation.framework in Frameworks */,
			);
			runOnlyForDeploymentPostprocessing = 0;
		};
/* End PBXFrameworksBuildPhase section */

/* Begin PBXGroup section */
		655DB7E519116F740038496E = {
			isa = PBXGroup;
			children = (
				655DB7F719116F740038496E /* PomPom */,
				655DB81619116F740038496E /* PomPomTests */,
				655DB7F019116F740038496E /* Frameworks */,
				655DB7EF19116F740038496E /* Products */,
			);
			sourceTree = "<group>";
		};
		655DB7EF19116F740038496E /* Products */ = {
			isa = PBXGroup;
			children = (
				655DB7EE19116F740038496E /* PomPom.app */,
				655DB80F19116F740038496E /* PomPomTests.xctest */,
			);
			name = Products;
			sourceTree = "<group>";
		};
		655DB7F019116F740038496E /* Frameworks */ = {
			isa = PBXGroup;
			children = (
				655DB7F119116F740038496E /* Foundation.framework */,
				655DB7F319116F740038496E /* CoreGraphics.framework */,
				655DB7F519116F740038496E /* UIKit.framework */,
				655DB81019116F740038496E /* XCTest.framework */,
			);
			name = Frameworks;
			sourceTree = "<group>";
		};
		655DB7F719116F740038496E /* PomPom */ = {
			isa = PBXGroup;
			children = (
				655DB80019116F740038496E /* LRSAppDelegate.h */,
				655DB80119116F740038496E /* LRSAppDelegate.m */,
				655DB80319116F740038496E /* Main.storyboard */,
				655DB80619116F740038496E /* LRSViewController.h */,
				655DB80719116F740038496E /* LRSViewController.m */,
				655DB80919116F740038496E /* Images.xcassets */,
				655DB7F819116F740038496E /* Supporting Files */,
			);
			path = PomPom;
			sourceTree = "<group>";
		};
		655DB7F819116F740038496E /* Supporting Files */ = {
			isa = PBXGroup;
			children = (
				655DB7F919116F740038496E /* PomPom-Info.plist */,
				655DB7FA19116F740038496E /* InfoPlist.strings */,
				655DB7FD19116F740038496E /* main.m */,
				655DB7FF19116F740038496E /* PomPom-Prefix.pch */,
			);
			name = "Supporting Files";
			sourceTree = "<group>";
		};
		655DB81619116F740038496E /* PomPomTests */ = {
			isa = PBXGroup;
			children = (
				655DB81C19116F740038496E /* PomPomTests.m */,
				655DB81719116F740038496E /* Supporting Files */,
			);
			path = PomPomTests;
			sourceTree = "<group>";
		};
		655DB81719116F740038496E /* Supporting Files */ = {
			isa = PBXGroup;
			children = (
				655DB81819116F740038496E /* PomPomTests-Info.plist */,
				655DB81919116F740038496E /* InfoPlist.strings */,
			);
			name = "Supporting Files";
			sourceTree = "<group>";
		};
/* End PBXGroup section */

/* Begin PBXNativeTarget section */
		655DB7ED19116F740038496E /* PomPom */ = {
			isa = PBXNativeTarget;
			buildConfigurationList = 655DB82019116F740038496E /* Build configuration list for PBXNativeTarget "PomPom" */;
			buildPhases = (
				655DB7EA19116F740038496E /* Sources */,
				655DB7EB19116F740038496E /* Frameworks */,
				655DB7EC19116F740038496E /* Resources */,
			);
			buildRules = (
			);
			dependencies = (
			);
			name = PomPom;
			productName = PomPom;
			productReference = 655DB7EE19116F740038496E /* PomPom.app */;
			productType = "com.apple.product-type.application";
		};
		655DB80E19116F740038496E /* PomPomTests */ = {
			isa = PBXNativeTarget;
			buildConfigurationList = 655DB82319116F740038496E /* Build configuration list for PBXNativeTarget "PomPomTests" */;
			buildPhases = (
				655DB80B19116F740038496E /* Sources */,
				655DB80C19116F740038496E /* Frameworks */,
				655DB80D19116F740038496E /* Resources */,
			);
			buildRules = (
			);
			dependencies = (
				655DB81519116F740038496E /* PBXTargetDependency */,
			);
			name = PomPomTests;
			productName = PomPomTests;
			productReference = 655DB80F19116F740038496E /* PomPomTests.xctest */;
			productType = "com.apple.product-type.bundle.unit-test";
		};
/* End PBXNativeTarget section */

/* Begin PBXProject section */
		655DB7E619116F740038496E /* Project object */ = {
			isa = PBXProject;
			attributes = {
				CLASSPREFIX = LRS;
				LastUpgradeCheck = 0510;
				ORGANIZATIONNAME = LonelyRobotStudio;
				TargetAttributes = {
					655DB80E19116F740038496E = {
						TestTargetID = 655DB7ED19116F740038496E;
					};
				};
			};
			buildConfigurationList = 655DB7E919116F740038496E /* Build configuration list for PBXProject "PomPom" */;
			compatibilityVersion = "Xcode 3.2";
			developmentRegion = English;
			hasScannedForEncodings = 0;
			knownRegions = (
				en,
				Base,
			);
			mainGroup = 655DB7E519116F740038496E;
			productRefGroup = 655DB7EF19116F740038496E /* Products */;
			projectDirPath = "";
			projectRoot = "";
			targets = (
				655DB7ED19116F740038496E /* PomPom */,
				655DB80E19116F740038496E /* PomPomTests */,
			);
		};
/* End PBXProject section */

/* Begin PBXResourcesBuildPhase section */
		655DB7EC19116F740038496E /* Resources */ = {
			isa = PBXResourcesBuildPhase;
			buildActionMask = 2147483647;
			files = (
				655DB80A19116F740038496E /* Images.xcassets in Resources */,
				655DB7FC19116F740038496E /* InfoPlist.strings in Resources */,
				655DB80519116F740038496E /* Main.storyboard in Resources */,
			);
			runOnlyForDeploymentPostprocessing = 0;
		};
		655DB80D19116F740038496E /* Resources */ = {
			isa = PBXResourcesBuildPhase;
			buildActionMask = 2147483647;
			files = (
				655DB81B19116F740038496E /* InfoPlist.strings in Resources */,
			);
			runOnlyForDeploymentPostprocessing = 0;
		};
/* End PBXResourcesBuildPhase section */

/* Begin PBXSourcesBuildPhase section */
		655DB7EA19116F740038496E /* Sources */ = {
			isa = PBXSourcesBuildPhase;
			buildActionMask = 2147483647;
			files = (
				655DB80819116F740038496E /* LRSViewController.m in Sources */,
				655DB80219116F740038496E /* LRSAppDelegate.m in Sources */,
				655DB7FE19116F740038496E /* main.m in Sources */,
			);
			runOnlyForDeploymentPostprocessing = 0;
		};
		655DB80B19116F740038496E /* Sources */ = {
			isa = PBXSourcesBuildPhase;
			buildActionMask = 2147483647;
			files = (
				655DB81D19116F740038496E /* PomPomTests.m in Sources */,
			);
			runOnlyForDeploymentPostprocessing = 0;
		};
/* End PBXSourcesBuildPhase section */

/* Begin PBXTargetDependency section */
		655DB81519116F740038496E /* PBXTargetDependency */ = {
			isa = PBXTargetDependency;
			target = 655DB7ED19116F740038496E /* PomPom */;
			targetProxy = 655DB81419116F740038496E /* PBXContainerItemProxy */;
		};
/* End PBXTargetDependency section */

/* Begin PBXVariantGroup section */
		655DB7FA19116F740038496E /* InfoPlist.strings */ = {
			isa = PBXVariantGroup;
			children = (
				655DB7FB19116F740038496E /* en */,
			);
			name = InfoPlist.strings;
			sourceTree = "<group>";
		};
		655DB80319116F740038496E /* Main.storyboard */ = {
			isa = PBXVariantGroup;
			children = (
				655DB80419116F740038496E /* Base */,
			);
			name = Main.storyboard;
			sourceTree = "<group>";
		};
		655DB81919116F740038496E /* InfoPlist.strings */ = {
			isa = PBXVariantGroup;
			children = (
				655DB81A19116F740038496E /* en */,
			);
			name = InfoPlist.strings;
			sourceTree = "<group>";
		};
/* End PBXVariantGroup section */

/* Begin XCBuildConfiguration section */
		655DB81E19116F740038496E /* Debug */ = {
			isa = XCBuildConfiguration;
			buildSettings = {
				ALWAYS_SEARCH_USER_PATHS = NO;
				CLANG_CXX_LANGUAGE_STANDARD = "gnu++0x";
				CLANG_CXX_LIBRARY = "libc++";
				CLANG_ENABLE_MODULES = YES;
				CLANG_ENABLE_OBJC_ARC = YES;
				CLANG_WARN_BOOL_CONVERSION = YES;
				CLANG_WARN_CONSTANT_CONVERSION = YES;
				CLANG_WARN_DIRECT_OBJC_ISA_USAGE = YES_ERROR;
				CLANG_WARN_EMPTY_BODY = YES;
				CLANG_WARN_ENUM_CONVERSION = YES;
				CLANG_WARN_INT_CONVERSION = YES;
				CLANG_WARN_OBJC_ROOT_CLASS = YES_ERROR;
				CLANG_WARN__DUPLICATE_METHOD_MATCH = YES;
				"CODE_SIGN_IDENTITY[sdk=iphoneos*]" = "iPhone Developer";
				COPY_PHASE_STRIP = NO;
				GCC_C_LANGUAGE_STANDARD = gnu99;
				GCC_DYNAMIC_NO_PIC = NO;
				GCC_OPTIMIZATION_LEVEL = 0;
				GCC_PREPROCESSOR_DEFINITIONS = (
					"DEBUG=1",
					"$(inherited)",
				);
				GCC_SYMBOLS_PRIVATE_EXTERN = NO;
				GCC_WARN_64_TO_32_BIT_CONVERSION = YES;
				GCC_WARN_ABOUT_RETURN_TYPE = YES_ERROR;
				GCC_WARN_UNDECLARED_SELECTOR = YES;
				GCC_WARN_UNINITIALIZED_AUTOS = YES_AGGRESSIVE;
				GCC_WARN_UNUSED_FUNCTION = YES;
				GCC_WARN_UNUSED_VARIABLE = YES;
				IPHONEOS_DEPLOYMENT_TARGET = 7.1;
				ONLY_ACTIVE_ARCH = YES;
				SDKROOT = iphoneos;
			};
			name = Debug;
		};
		655DB81F19116F740038496E /* Release */ = {
			isa = XCBuildConfiguration;
			buildSettings = {
				ALWAYS_SEARCH_USER_PATHS = NO;
				CLANG_CXX_LANGUAGE_STANDARD = "gnu++0x";
				CLANG_CXX_LIBRARY = "libc++";
				CLANG_ENABLE_MODULES = YES;
				CLANG_ENABLE_OBJC_ARC = YES;
				CLANG_WARN_BOOL_CONVERSION = YES;
				CLANG_WARN_CONSTANT_CONVERSION = YES;
				CLANG_WARN_DIRECT_OBJC_ISA_USAGE = YES_ERROR;
				CLANG_WARN_EMPTY_BODY = YES;
				CLANG_WARN_ENUM_CONVERSION = YES;
				CLANG_WARN_INT_CONVERSION = YES;
				CLANG_WARN_OBJC_ROOT_CLASS = YES_ERROR;
				CLANG_WARN__DUPLICATE_METHOD_MATCH = YES;
				"CODE_SIGN_IDENTITY[sdk=iphoneos*]" = "iPhone Developer";
				COPY_PHASE_STRIP = YES;
				ENABLE_NS_ASSERTIONS = NO;
				GCC_C_LANGUAGE_STANDARD = gnu99;
				GCC_WARN_64_TO_32_BIT_CONVERSION = YES;
				GCC_WARN_ABOUT_RETURN_TYPE = YES_ERROR;
				GCC_WARN_UNDECLARED_SELECTOR = YES;
				GCC_WARN_UNINITIALIZED_AUTOS = YES_AGGRESSIVE;
				GCC_WARN_UNUSED_FUNCTION = YES;
				GCC_WARN_UNUSED_VARIABLE = YES;
				IPHONEOS_DEPLOYMENT_TARGET = 7.1;
				SDKROOT = iphoneos;
				VALIDATE_PRODUCT = YES;
			};
			name = Release;
		};
		655DB82119116F740038496E /* Debug */ = {
			isa = XCBuildConfiguration;
			buildSettings = {
				ASSETCATALOG_COMPILER_APPICON_NAME = AppIcon;
				ASSETCATALOG_COMPILER_LAUNCHIMAGE_NAME = LaunchImage;
				GCC_PRECOMPILE_PREFIX_HEADER = YES;
				GCC_PREFIX_HEADER = "PomPom/PomPom-Prefix.pch";
				INFOPLIST_FILE = "PomPom/PomPom-Info.plist";
				PRODUCT_NAME = "$(TARGET_NAME)";
				WRAPPER_EXTENSION = app;
			};
			name = Debug;
		};
		655DB82219116F740038496E /* Release */ = {
			isa = XCBuildConfiguration;
			buildSettings = {
				ASSETCATALOG_COMPILER_APPICON_NAME = AppIcon;
				ASSETCATALOG_COMPILER_LAUNCHIMAGE_NAME = LaunchImage;
				GCC_PRECOMPILE_PREFIX_HEADER = YES;
				GCC_PREFIX_HEADER = "PomPom/PomPom-Prefix.pch";
				INFOPLIST_FILE = "PomPom/PomPom-Info.plist";
				PRODUCT_NAME = "$(TARGET_NAME)";
				WRAPPER_EXTENSION = app;
			};
			name = Release;
		};
		655DB82419116F740038496E /* Debug */ = {
			isa = XCBuildConfiguration;
			buildSettings = {
				BUNDLE_LOADER = "$(BUILT_PRODUCTS_DIR)/PomPom.app/PomPom";
				FRAMEWORK_SEARCH_PATHS = (
					"$(SDKROOT)/Developer/Library/Frameworks",
					"$(inherited)",
					"$(DEVELOPER_FRAMEWORKS_DIR)",
				);
				GCC_PRECOMPILE_PREFIX_HEADER = YES;
				GCC_PREFIX_HEADER = "PomPom/PomPom-Prefix.pch";
				GCC_PREPROCESSOR_DEFINITIONS = (
					"DEBUG=1",
					"$(inherited)",
				);
				INFOPLIST_FILE = "PomPomTests/PomPomTests-Info.plist";
				PRODUCT_NAME = "$(TARGET_NAME)";
				TEST_HOST = "$(BUNDLE_LOADER)";
				WRAPPER_EXTENSION = xctest;
			};
			name = Debug;
		};
		655DB82519116F740038496E /* Release */ = {
			isa = XCBuildConfiguration;
			buildSettings = {
				BUNDLE_LOADER = "$(BUILT_PRODUCTS_DIR)/PomPom.app/PomPom";
				FRAMEWORK_SEARCH_PATHS = (
					"$(SDKROOT)/Developer/Library/Frameworks",
					"$(inherited)",
					"$(DEVELOPER_FRAMEWORKS_DIR)",
				);
				GCC_PRECOMPILE_PREFIX_HEADER = YES;
				GCC_PREFIX_HEADER = "PomPom/PomPom-Prefix.pch";
				INFOPLIST_FILE = "PomPomTests/PomPomTests-Info.plist";
				PRODUCT_NAME = "$(TARGET_NAME)";
				TEST_HOST = "$(BUNDLE_LOADER)";
				WRAPPER_EXTENSION = xctest;
			};
			name = Release;
		};
/* End XCBuildConfiguration section */

/* Begin XCConfigurationList section */
		655DB7E919116F740038496E /* Build configuration list for PBXProject "PomPom" */ = {
			isa = XCConfigurationList;
			buildConfigurations = (
				655DB81E19116F740038496E /* Debug */,
				655DB81F19116F740038496E /* Release */,
			);
			defaultConfigurationIsVisible = 0;
			defaultConfigurationName = Release;
		};
		655DB82019116F740038496E /* Build configuration list for PBXNativeTarget "PomPom" */ = {
			isa = XCConfigurationList;
			buildConfigurations = (
				655DB82119116F740038496E /* Debug */,
				655DB82219116F740038496E /* Release */,
			);
			defaultConfigurationIsVisible = 0;
		};
		655DB82319116F740038496E /* Build configuration list for PBXNativeTarget "PomPomTests" */ = {
			isa = XCConfigurationList;
			buildConfigurations = (
				655DB82419116F740038496E /* Debug */,
				655DB82519116F740038496E /* Release */,
			);
			defaultConfigurationIsVisible = 0;
		};
/* End XCConfigurationList section */
	};
	rootObject = 655DB7E619116F740038496E /* Project object */;
}
